
Microsoft Visual Studio Solution File, Format Version 12.00
# Visual Studio Version 17
VisualStudioVersion = 17.9.34902.65
MinimumVisualStudioVersion = 10.0.40219.1
Project("{FAE04EC0-301F-11D3-BF4B-00C04F79EFBC}") = "Weather App", "Weather App.csproj", "{DEDF256F-63B0-48A5-A400-2A602951C211}"
EndProject
Global
	GlobalSection(SolutionConfigurationPlatforms) = preSolution
		Debug|Any CPU = Debug|Any CPU
		Release|Any CPU = Release|Any CPU
	EndGlobalSection
	GlobalSection(ProjectConfigurationPlatforms) = postSolution
		{DEDF256F-63B0-48A5-A400-2A602951C211}.Debug|Any CPU.ActiveCfg = Debug|Any CPU
		{DEDF256F-63B0-48A5-A400-2A602951C211}.Debug|Any CPU.Build.0 = Debug|Any CPU
		{DEDF256F-63B0-48A5-A400-2A602951C211}.Release|Any CPU.ActiveCfg = Release|Any CPU
		{DEDF256F-63B0-48A5-A400-2A602951C211}.Release|Any CPU.Build.0 = Release|Any CPU
	EndGlobalSection
	GlobalSection(SolutionProperties) = preSolution
		HideSolutionNode = FALSE
	EndGlobalSection
	GlobalSection(ExtensibilityGlobals) = postSolution
		SolutionGuid = {6895F6D7-C66E-4A22-94F5-5792876A702C}
	EndGlobalSection
EndGlobal
